
Microsoft Visual Studio Solution File, Format Version 12.00
Project("{FAE04EC0-301F-11D3-BF4B-00C04F79EFBC}") = "Iphone15", "Iphone15\Iphone15.csproj", "{3257A112-74E1-437E-8B55-7416F26AEEFC}"
EndProject
Global
	GlobalSection(SolutionConfigurationPlatforms) = preSolution
		Debug|Any CPU = Debug|Any CPU
		Release|Any CPU = Release|Any CPU
	EndGlobalSection
	GlobalSection(ProjectConfigurationPlatforms) = postSolution
		{3257A112-74E1-437E-8B55-7416F26AEEFC}.Debug|Any CPU.ActiveCfg = Debug|Any CPU
		{3257A112-74E1-437E-8B55-7416F26AEEFC}.Debug|Any CPU.Build.0 = Debug|Any CPU
		{3257A112-74E1-437E-8B55-7416F26AEEFC}.Release|Any CPU.ActiveCfg = Release|Any CPU
		{3257A112-74E1-437E-8B55-7416F26AEEFC}.Release|Any CPU.Build.0 = Release|Any CPU
	EndGlobalSection
EndGlobal
